// !$*UTF8*$!
{
	archiveVersion = 1;
	classes = {
	};
	objectVersion = 46;
	objects = {

/* Begin PBXBuildFile section */
		E306AC3B1870BBA800FF8DA9 /* Test_Pitch.cpp in Sources */ = {isa = PBXBuildFile; fileRef = E306AC3A1870BBA800FF8DA9 /* Test_Pitch.cpp */; };
		E32690C7186E6BF000BC4C67 /* main.cpp in Sources */ = {isa = PBXBuildFile; fileRef = E32690C6186E6BF000BC4C67 /* main.cpp */; };
		E32690C9186E6BF000BC4C67 /* GistTest.1 in CopyFiles */ = {isa = PBXBuildFile; fileRef = E32690C8186E6BF000BC4C67 /* GistTest.1 */; };
		E34BF545186E86BF006FF37D /* Test_CoreTimeDomainFeatures.cpp in Sources */ = {isa = PBXBuildFile; fileRef = E34BF543186E86BF006FF37D /* Test_CoreTimeDomainFeatures.cpp */; };
		E34D255318FC2EC4006B3446 /* Test_Gist.cpp in Sources */ = {isa = PBXBuildFile; fileRef = E34D255218FC2EC4006B3446 /* Test_Gist.cpp */; };
		E35B1E621871C9D500E89F56 /* Test_Signals.cpp in Sources */ = {isa = PBXBuildFile; fileRef = E35B1E601871C9D500E89F56 /* Test_Signals.cpp */; };
		E393D4581900871E003A5926 /* MFCC.cpp in Sources */ = {isa = PBXBuildFile; fileRef = E393D4561900871E003A5926 /* MFCC.cpp */; };
		E3B9C74E1905573B009D3B12 /* Test_MFCC.cpp in Sources */ = {isa = PBXBuildFile; fileRef = E3B9C74D190556C2009D3B12 /* Test_MFCC.cpp */; };
		E3C147E61870796800551889 /* Yin.cpp in Sources */ = {isa = PBXBuildFile; fileRef = E3C147E41870796800551889 /* Yin.cpp */; };
		E3C91DD7195B8609007ABD86 /* kiss_fft.c in Sources */ = {isa = PBXBuildFile; fileRef = E3C91DD3195B8609007ABD86 /* kiss_fft.c */; };
		E3CFFF3A186F3C2800317C03 /* Test_OnsetDetectionFunction.cpp in Sources */ = {isa = PBXBuildFile; fileRef = E3CFFF39186F3C2800317C03 /* Test_OnsetDetectionFunction.cpp */; };
		E3D1C627186F33A000EBBDFB /* Test_CoreFrequencyDomainFeatures.cpp in Sources */ = {isa = PBXBuildFile; fileRef = E3D1C626186F33A000EBBDFB /* Test_CoreFrequencyDomainFeatures.cpp */; };
		E3DBB20B186E6EB700DC7B49 /* CoreFrequencyDomainFeatures.cpp in Sources */ = {isa = PBXBuildFile; fileRef = E3DBB201186E6EB700DC7B49 /* CoreFrequencyDomainFeatures.cpp */; };
		E3DBB20C186E6EB700DC7B49 /* CoreTimeDomainFeatures.cpp in Sources */ = {isa = PBXBuildFile; fileRef = E3DBB203186E6EB700DC7B49 /* CoreTimeDomainFeatures.cpp */; };
		E3DBB20D186E6EB700DC7B49 /* OnsetDetectionFunction.cpp in Sources */ = {isa = PBXBuildFile; fileRef = E3DBB206186E6EB700DC7B49 /* OnsetDetectionFunction.cpp */; };
/* End PBXBuildFile section */

/* Begin PBXCopyFilesBuildPhase section */
		E32690C1186E6BF000BC4C67 /* CopyFiles */ = {
			isa = PBXCopyFilesBuildPhase;
			buildActionMask = 2147483647;
			dstPath = /usr/share/man/man1/;
			dstSubfolderSpec = 0;
			files = (
				E32690C9186E6BF000BC4C67 /* GistTest.1 in CopyFiles */,
			);
			runOnlyForDeploymentPostprocessing = 1;
		};
/* End PBXCopyFilesBuildPhase section */

/* Begin PBXFileReference section */
		E306AC3A1870BBA800FF8DA9 /* Test_Pitch.cpp */ = {isa = PBXFileReference; fileEncoding = 4; lastKnownFileType = sourcecode.cpp.cpp; path = Test_Pitch.cpp; sourceTree = "<group>"; };
		E32690C3186E6BF000BC4C67 /* GistTest */ = {isa = PBXFileReference; explicitFileType = "compiled.mach-o.executable"; includeInIndex = 0; path = GistTest; sourceTree = BUILT_PRODUCTS_DIR; };
		E32690C6186E6BF000BC4C67 /* main.cpp */ = {isa = PBXFileReference; lastKnownFileType = sourcecode.cpp.cpp; path = main.cpp; sourceTree = "<group>"; };
		E32690C8186E6BF000BC4C67 /* GistTest.1 */ = {isa = PBXFileReference; lastKnownFileType = text.man; path = GistTest.1; sourceTree = "<group>"; };
		E34BF543186E86BF006FF37D /* Test_CoreTimeDomainFeatures.cpp */ = {isa = PBXFileReference; fileEncoding = 4; lastKnownFileType = sourcecode.cpp.cpp; path = Test_CoreTimeDomainFeatures.cpp; sourceTree = "<group>"; };
		E34D255218FC2EC4006B3446 /* Test_Gist.cpp */ = {isa = PBXFileReference; fileEncoding = 4; lastKnownFileType = sourcecode.cpp.cpp; name = Test_Gist.cpp; path = GistTest/Test_Gist.cpp; sourceTree = SOURCE_ROOT; };
		E35B1E5D1871C53800E89F56 /* Gist.h */ = {isa = PBXFileReference; fileEncoding = 4; lastKnownFileType = sourcecode.c.h; name = Gist.h; path = ../../src/Gist.h; sourceTree = "<group>"; };
		E35B1E601871C9D500E89F56 /* Test_Signals.cpp */ = {isa = PBXFileReference; fileEncoding = 4; lastKnownFileType = sourcecode.cpp.cpp; path = Test_Signals.cpp; sourceTree = "<group>"; };
		E35B1E611871C9D500E89F56 /* Test_Signals.h */ = {isa = PBXFileReference; fileEncoding = 4; lastKnownFileType = sourcecode.c.h; path = Test_Signals.h; sourceTree = "<group>"; };
		E393D4561900871E003A5926 /* MFCC.cpp */ = {isa = PBXFileReference; fileEncoding = 4; lastKnownFileType = sourcecode.cpp.cpp; path = MFCC.cpp; sourceTree = "<group>"; };
		E393D4571900871E003A5926 /* MFCC.h */ = {isa = PBXFileReference; fileEncoding = 4; lastKnownFileType = sourcecode.c.h; path = MFCC.h; sourceTree = "<group>"; };
		E3B9C74D190556C2009D3B12 /* Test_MFCC.cpp */ = {isa = PBXFileReference; lastKnownFileType = sourcecode.cpp.cpp; path = Test_MFCC.cpp; sourceTree = "<group>"; };
		E3C147E41870796800551889 /* Yin.cpp */ = {isa = PBXFileReference; fileEncoding = 4; lastKnownFileType = sourcecode.cpp.cpp; path = Yin.cpp; sourceTree = "<group>"; };
		E3C147E51870796800551889 /* Yin.h */ = {isa = PBXFileReference; fileEncoding = 4; lastKnownFileType = sourcecode.c.h; path = Yin.h; sourceTree = "<group>"; };
		E3C91DD1195B8609007ABD86 /* _kiss_fft_guts.h */ = {isa = PBXFileReference; fileEncoding = 4; lastKnownFileType = sourcecode.c.h; path = _kiss_fft_guts.h; sourceTree = "<group>"; };
		E3C91DD2195B8609007ABD86 /* COPYING */ = {isa = PBXFileReference; fileEncoding = 4; lastKnownFileType = text; path = COPYING; sourceTree = "<group>"; };
		E3C91DD3195B8609007ABD86 /* kiss_fft.c */ = {isa = PBXFileReference; fileEncoding = 4; lastKnownFileType = sourcecode.c.c; path = kiss_fft.c; sourceTree = "<group>"; };
		E3C91DD4195B8609007ABD86 /* kiss_fft.h */ = {isa = PBXFileReference; fileEncoding = 4; lastKnownFileType = sourcecode.c.h; path = kiss_fft.h; sourceTree = "<group>"; };
		E3C91DD5195B8609007ABD86 /* kissfft.hh */ = {isa = PBXFileReference; fileEncoding = 4; lastKnownFileType = sourcecode.cpp.h; path = kissfft.hh; sourceTree = "<group>"; };
		E3C91DD6195B8609007ABD86 /* README */ = {isa = PBXFileReference; fileEncoding = 4; lastKnownFileType = text; path = README; sourceTree = "<group>"; };
		E3CFFF39186F3C2800317C03 /* Test_OnsetDetectionFunction.cpp */ = {isa = PBXFileReference; fileEncoding = 4; lastKnownFileType = sourcecode.cpp.cpp; path = Test_OnsetDetectionFunction.cpp; sourceTree = "<group>"; };
		E3D1C626186F33A000EBBDFB /* Test_CoreFrequencyDomainFeatures.cpp */ = {isa = PBXFileReference; fileEncoding = 4; lastKnownFileType = sourcecode.cpp.cpp; path = Test_CoreFrequencyDomainFeatures.cpp; sourceTree = "<group>"; };
		E3DBB201186E6EB700DC7B49 /* CoreFrequencyDomainFeatures.cpp */ = {isa = PBXFileReference; fileEncoding = 4; lastKnownFileType = sourcecode.cpp.cpp; path = CoreFrequencyDomainFeatures.cpp; sourceTree = "<group>"; };
		E3DBB202186E6EB700DC7B49 /* CoreFrequencyDomainFeatures.h */ = {isa = PBXFileReference; fileEncoding = 4; lastKnownFileType = sourcecode.c.h; path = CoreFrequencyDomainFeatures.h; sourceTree = "<group>"; };
		E3DBB203186E6EB700DC7B49 /* CoreTimeDomainFeatures.cpp */ = {isa = PBXFileReference; fileEncoding = 4; lastKnownFileType = sourcecode.cpp.cpp; path = CoreTimeDomainFeatures.cpp; sourceTree = "<group>"; };
		E3DBB204186E6EB700DC7B49 /* CoreTimeDomainFeatures.h */ = {isa = PBXFileReference; fileEncoding = 4; lastKnownFileType = sourcecode.c.h; path = CoreTimeDomainFeatures.h; sourceTree = "<group>"; };
		E3DBB206186E6EB700DC7B49 /* OnsetDetectionFunction.cpp */ = {isa = PBXFileReference; fileEncoding = 4; lastKnownFileType = sourcecode.cpp.cpp; path = OnsetDetectionFunction.cpp; sourceTree = "<group>"; };
		E3DBB207186E6EB700DC7B49 /* OnsetDetectionFunction.h */ = {isa = PBXFileReference; fileEncoding = 4; lastKnownFileType = sourcecode.c.h; path = OnsetDetectionFunction.h; sourceTree = "<group>"; };
/* End PBXFileReference section */

/* Begin PBXFrameworksBuildPhase section */
		E32690C0186E6BF000BC4C67 /* Frameworks */ = {
			isa = PBXFrameworksBuildPhase;
			buildActionMask = 2147483647;
			files = (
			);
			runOnlyForDeploymentPostprocessing = 0;
		};
/* End PBXFrameworksBuildPhase section */

/* Begin PBXGroup section */
		E32690BA186E6BF000BC4C67 = {
			isa = PBXGroup;
			children = (
				E32690C5186E6BF000BC4C67 /* GistTest */,
				E32690C4186E6BF000BC4C67 /* Products */,
			);
			sourceTree = "<group>";
		};
		E32690C4186E6BF000BC4C67 /* Products */ = {
			isa = PBXGroup;
			children = (
				E32690C3186E6BF000BC4C67 /* GistTest */,
			);
			name = Products;
			sourceTree = "<group>";
		};
		E32690C5186E6BF000BC4C67 /* GistTest */ = {
			isa = PBXGroup;
			children = (
				E32690C6186E6BF000BC4C67 /* main.cpp */,
				E32690C8186E6BF000BC4C67 /* GistTest.1 */,
				E34BF540186E8627006FF37D /* tests */,
				E3DBB20F186E6F0A00DC7B49 /* src */,
				E3C91DCF195B8609007ABD86 /* libs */,
			);
			path = GistTest;
			sourceTree = "<group>";
		};
		E34BF540186E8627006FF37D /* tests */ = {
			isa = PBXGroup;
			children = (
				E35B1E5F1871C9D500E89F56 /* test-signals */,
				E34D255218FC2EC4006B3446 /* Test_Gist.cpp */,
				E34BF543186E86BF006FF37D /* Test_CoreTimeDomainFeatures.cpp */,
				E3D1C626186F33A000EBBDFB /* Test_CoreFrequencyDomainFeatures.cpp */,
				E3CFFF39186F3C2800317C03 /* Test_OnsetDetectionFunction.cpp */,
				E306AC3A1870BBA800FF8DA9 /* Test_Pitch.cpp */,
				E3B9C74D190556C2009D3B12 /* Test_MFCC.cpp */,
			);
			name = tests;
			sourceTree = "<group>";
		};
		E35B1E5F1871C9D500E89F56 /* test-signals */ = {
			isa = PBXGroup;
			children = (
				E35B1E601871C9D500E89F56 /* Test_Signals.cpp */,
				E35B1E611871C9D500E89F56 /* Test_Signals.h */,
			);
			path = "test-signals";
			sourceTree = "<group>";
		};
		E393D4551900870D003A5926 /* mfcc */ = {
			isa = PBXGroup;
			children = (
				E393D4561900871E003A5926 /* MFCC.cpp */,
				E393D4571900871E003A5926 /* MFCC.h */,
			);
			name = mfcc;
			path = ../../src/mfcc;
			sourceTree = "<group>";
		};
		E3C91DCF195B8609007ABD86 /* libs */ = {
			isa = PBXGroup;
			children = (
				E3C91DD0195B8609007ABD86 /* kiss_fft130 */,
			);
			name = libs;
			path = ../../libs;
			sourceTree = "<group>";
		};
		E3C91DD0195B8609007ABD86 /* kiss_fft130 */ = {
			isa = PBXGroup;
			children = (
				E3C91DD1195B8609007ABD86 /* _kiss_fft_guts.h */,
				E3C91DD2195B8609007ABD86 /* COPYING */,
				E3C91DD3195B8609007ABD86 /* kiss_fft.c */,
				E3C91DD4195B8609007ABD86 /* kiss_fft.h */,
				E3C91DD5195B8609007ABD86 /* kissfft.hh */,
				E3C91DD6195B8609007ABD86 /* README */,
			);
			path = kiss_fft130;
			sourceTree = "<group>";
		};
		E3DBB200186E6EB700DC7B49 /* core */ = {
			isa = PBXGroup;
			children = (
				E3DBB203186E6EB700DC7B49 /* CoreTimeDomainFeatures.cpp */,
				E3DBB204186E6EB700DC7B49 /* CoreTimeDomainFeatures.h */,
				E3DBB201186E6EB700DC7B49 /* CoreFrequencyDomainFeatures.cpp */,
				E3DBB202186E6EB700DC7B49 /* CoreFrequencyDomainFeatures.h */,
			);
			name = core;
			path = ../../src/core;
			sourceTree = "<group>";
		};
		E3DBB205186E6EB700DC7B49 /* onset-detection-functions */ = {
			isa = PBXGroup;
			children = (
				E3DBB206186E6EB700DC7B49 /* OnsetDetectionFunction.cpp */,
				E3DBB207186E6EB700DC7B49 /* OnsetDetectionFunction.h */,
			);
			name = "onset-detection-functions";
			path = "../../src/onset-detection-functions";
			sourceTree = "<group>";
		};
		E3DBB208186E6EB700DC7B49 /* pitch */ = {
			isa = PBXGroup;
			children = (
				E3C147E41870796800551889 /* Yin.cpp */,
				E3C147E51870796800551889 /* Yin.h */,
			);
			name = pitch;
			path = ../../src/pitch;
			sourceTree = "<group>";
		};
		E3DBB20F186E6F0A00DC7B49 /* src */ = {
			isa = PBXGroup;
			children = (
				E35B1E5D1871C53800E89F56 /* Gist.h */,
				E3DBB200186E6EB700DC7B49 /* core */,
				E393D4551900870D003A5926 /* mfcc */,
				E3DBB205186E6EB700DC7B49 /* onset-detection-functions */,
				E3DBB208186E6EB700DC7B49 /* pitch */,
			);
			name = src;
			sourceTree = "<group>";
		};
/* End PBXGroup section */

/* Begin PBXNativeTarget section */
		E32690C2186E6BF000BC4C67 /* GistTest */ = {
			isa = PBXNativeTarget;
			buildConfigurationList = E32690CC186E6BF000BC4C67 /* Build configuration list for PBXNativeTarget "GistTest" */;
			buildPhases = (
				E32690BF186E6BF000BC4C67 /* Sources */,
				E32690C0186E6BF000BC4C67 /* Frameworks */,
				E32690C1186E6BF000BC4C67 /* CopyFiles */,
			);
			buildRules = (
			);
			dependencies = (
			);
			name = GistTest;
			productName = GistTest;
			productReference = E32690C3186E6BF000BC4C67 /* GistTest */;
			productType = "com.apple.product-type.tool";
		};
/* End PBXNativeTarget section */

/* Begin PBXProject section */
		E32690BB186E6BF000BC4C67 /* Project object */ = {
			isa = PBXProject;
			attributes = {
				LastUpgradeCheck = 0500;
				ORGANIZATIONNAME = "Adam Stark";
			};
			buildConfigurationList = E32690BE186E6BF000BC4C67 /* Build configuration list for PBXProject "GistTest" */;
			compatibilityVersion = "Xcode 3.2";
			developmentRegion = English;
			hasScannedForEncodings = 0;
			knownRegions = (
				en,
			);
			mainGroup = E32690BA186E6BF000BC4C67;
			productRefGroup = E32690C4186E6BF000BC4C67 /* Products */;
			projectDirPath = "";
			projectRoot = "";
			targets = (
				E32690C2186E6BF000BC4C67 /* GistTest */,
			);
		};
/* End PBXProject section */

/* Begin PBXSourcesBuildPhase section */
		E32690BF186E6BF000BC4C67 /* Sources */ = {
			isa = PBXSourcesBuildPhase;
			buildActionMask = 2147483647;
			files = (
				E3C147E61870796800551889 /* Yin.cpp in Sources */,
				E3B9C74E1905573B009D3B12 /* Test_MFCC.cpp in Sources */,
				E3D1C627186F33A000EBBDFB /* Test_CoreFrequencyDomainFeatures.cpp in Sources */,
				E306AC3B1870BBA800FF8DA9 /* Test_Pitch.cpp in Sources */,
				E34BF545186E86BF006FF37D /* Test_CoreTimeDomainFeatures.cpp in Sources */,
				E3DBB20D186E6EB700DC7B49 /* OnsetDetectionFunction.cpp in Sources */,
				E32690C7186E6BF000BC4C67 /* main.cpp in Sources */,
				E393D4581900871E003A5926 /* MFCC.cpp in Sources */,
				E3C91DD7195B8609007ABD86 /* kiss_fft.c in Sources */,
				E35B1E621871C9D500E89F56 /* Test_Signals.cpp in Sources */,
				E34D255318FC2EC4006B3446 /* Test_Gist.cpp in Sources */,
				E3CFFF3A186F3C2800317C03 /* Test_OnsetDetectionFunction.cpp in Sources */,
				E3DBB20C186E6EB700DC7B49 /* CoreTimeDomainFeatures.cpp in Sources */,
				E3DBB20B186E6EB700DC7B49 /* CoreFrequencyDomainFeatures.cpp in Sources */,
			);
			runOnlyForDeploymentPostprocessing = 0;
		};
/* End PBXSourcesBuildPhase section */

/* Begin XCBuildConfiguration section */
		E32690CA186E6BF000BC4C67 /* Debug */ = {
			isa = XCBuildConfiguration;
			buildSettings = {
				ALWAYS_SEARCH_USER_PATHS = NO;
				ARCHS = "$(ARCHS_STANDARD)";
				CLANG_CXX_LANGUAGE_STANDARD = "gnu++0x";
				CLANG_CXX_LIBRARY = "libc++";
				CLANG_ENABLE_OBJC_ARC = YES;
				CLANG_WARN_BOOL_CONVERSION = YES;
				CLANG_WARN_CONSTANT_CONVERSION = YES;
				CLANG_WARN_DIRECT_OBJC_ISA_USAGE = YES_ERROR;
				CLANG_WARN_EMPTY_BODY = YES;
				CLANG_WARN_ENUM_CONVERSION = YES;
				CLANG_WARN_INT_CONVERSION = YES;
				CLANG_WARN_OBJC_ROOT_CLASS = YES_ERROR;
				CLANG_WARN__DUPLICATE_METHOD_MATCH = YES;
				COPY_PHASE_STRIP = NO;
				GCC_C_LANGUAGE_STANDARD = gnu99;
				GCC_DYNAMIC_NO_PIC = NO;
				GCC_ENABLE_OBJC_EXCEPTIONS = YES;
				GCC_OPTIMIZATION_LEVEL = 0;
				GCC_PREPROCESSOR_DEFINITIONS = (
					"DEBUG=1",
					"$(inherited)",
				);
				GCC_SYMBOLS_PRIVATE_EXTERN = NO;
				GCC_WARN_64_TO_32_BIT_CONVERSION = YES;
				GCC_WARN_ABOUT_RETURN_TYPE = YES_ERROR;
				GCC_WARN_UNDECLARED_SELECTOR = YES;
				GCC_WARN_UNINITIALIZED_AUTOS = YES;
				GCC_WARN_UNUSED_FUNCTION = YES;
				GCC_WARN_UNUSED_VARIABLE = YES;
				MACOSX_DEPLOYMENT_TARGET = 10.9;
				ONLY_ACTIVE_ARCH = YES;
				SDKROOT = macosx;
			};
			name = Debug;
		};
		E32690CB186E6BF000BC4C67 /* Release */ = {
			isa = XCBuildConfiguration;
			buildSettings = {
				ALWAYS_SEARCH_USER_PATHS = NO;
				ARCHS = "$(ARCHS_STANDARD)";
				CLANG_CXX_LANGUAGE_STANDARD = "gnu++0x";
				CLANG_CXX_LIBRARY = "libc++";
				CLANG_ENABLE_OBJC_ARC = YES;
				CLANG_WARN_BOOL_CONVERSION = YES;
				CLANG_WARN_CONSTANT_CONVERSION = YES;
				CLANG_WARN_DIRECT_OBJC_ISA_USAGE = YES_ERROR;
				CLANG_WARN_EMPTY_BODY = YES;
				CLANG_WARN_ENUM_CONVERSION = YES;
				CLANG_WARN_INT_CONVERSION = YES;
				CLANG_WARN_OBJC_ROOT_CLASS = YES_ERROR;
				CLANG_WARN__DUPLICATE_METHOD_MATCH = YES;
				COPY_PHASE_STRIP = YES;
				DEBUG_INFORMATION_FORMAT = "dwarf-with-dsym";
				ENABLE_NS_ASSERTIONS = NO;
				GCC_C_LANGUAGE_STANDARD = gnu99;
				GCC_ENABLE_OBJC_EXCEPTIONS = YES;
				GCC_WARN_64_TO_32_BIT_CONVERSION = YES;
				GCC_WARN_ABOUT_RETURN_TYPE = YES_ERROR;
				GCC_WARN_UNDECLARED_SELECTOR = YES;
				GCC_WARN_UNINITIALIZED_AUTOS = YES;
				GCC_WARN_UNUSED_FUNCTION = YES;
				GCC_WARN_UNUSED_VARIABLE = YES;
				MACOSX_DEPLOYMENT_TARGET = 10.9;
				SDKROOT = macosx;
			};
			name = Release;
		};
		E32690CD186E6BF000BC4C67 /* Debug */ = {
			isa = XCBuildConfiguration;
			buildSettings = {
				HEADER_SEARCH_PATHS = (
					"$(inherited)",
					/usr/local/include,
					/Applications/Xcode.app/Contents/Developer/Toolchains/XcodeDefault.xctoolchain/usr/include,
				);
				LIBRARY_SEARCH_PATHS = /usr/local/lib;
				OTHER_CPLUSPLUSFLAGS = (
					"$(OTHER_CFLAGS)",
					"-DUSE_KISS_FFT",
				);
				OTHER_LDFLAGS = (
					"-lboost_unit_test_framework",
					"-lboost_unit_test_framework",
					"-lfftw3",
				);
				PRODUCT_NAME = "$(TARGET_NAME)";
			};
			name = Debug;
		};
		E32690CE186E6BF000BC4C67 /* Release */ = {
			isa = XCBuildConfiguration;
			buildSettings = {
				HEADER_SEARCH_PATHS = (
					"$(inherited)",
					/usr/local/include,
					/Applications/Xcode.app/Contents/Developer/Toolchains/XcodeDefault.xctoolchain/usr/include,
				);
				LIBRARY_SEARCH_PATHS = /usr/local/lib;
				OTHER_CPLUSPLUSFLAGS = (
					"$(OTHER_CFLAGS)",
					"-DUSE_KISS_FFT",
				);
				OTHER_LDFLAGS = (
					"-lboost_unit_test_framework",
					"-lboost_unit_test_framework",
					"-lfftw3",
				);
				PRODUCT_NAME = "$(TARGET_NAME)";
			};
			name = Release;
		};
/* End XCBuildConfiguration section */

/* Begin XCConfigurationList section */
		E32690BE186E6BF000BC4C67 /* Build configuration list for PBXProject "GistTest" */ = {
			isa = XCConfigurationList;
			buildConfigurations = (
				E32690CA186E6BF000BC4C67 /* Debug */,
				E32690CB186E6BF000BC4C67 /* Release */,
			);
			defaultConfigurationIsVisible = 0;
			defaultConfigurationName = Release;
		};
		E32690CC186E6BF000BC4C67 /* Build configuration list for PBXNativeTarget "GistTest" */ = {
			isa = XCConfigurationList;
			buildConfigurations = (
				E32690CD186E6BF000BC4C67 /* Debug */,
				E32690CE186E6BF000BC4C67 /* Release */,
			);
			defaultConfigurationIsVisible = 0;
			defaultConfigurationName = Release;
		};
/* End XCConfigurationList section */
	};
	rootObject = E32690BB186E6BF000BC4C67 /* Project object */;
}
